
Microsoft Visual Studio Solution File, Format Version 12.00
# Visual Studio Version 16
VisualStudioVersion = 16.0.31004.235
MinimumVisualStudioVersion = 10.0.40219.1
Project("{FAE04EC0-301F-11D3-BF4B-00C04F79EFBC}") = "GeniiPosAPI", "GeniiPosAPI\GeniiPosAPI.csproj", "{A956BCA4-1037-4AE3-AA63-C48BC4331B70}"
EndProject
Global
	GlobalSection(SolutionConfigurationPlatforms) = preSolution
		Debug|Any CPU = Debug|Any CPU
		Release|Any CPU = Release|Any CPU
	EndGlobalSection
	GlobalSection(ProjectConfigurationPlatforms) = postSolution
		{A956BCA4-1037-4AE3-AA63-C48BC4331B70}.Debug|Any CPU.ActiveCfg = Debug|Any CPU
		{A956BCA4-1037-4AE3-AA63-C48BC4331B70}.Debug|Any CPU.Build.0 = Debug|Any CPU
		{A956BCA4-1037-4AE3-AA63-C48BC4331B70}.Release|Any CPU.ActiveCfg = Release|Any CPU
		{A956BCA4-1037-4AE3-AA63-C48BC4331B70}.Release|Any CPU.Build.0 = Release|Any CPU
	EndGlobalSection
	GlobalSection(SolutionProperties) = preSolution
		HideSolutionNode = FALSE
	EndGlobalSection
	GlobalSection(ExtensibilityGlobals) = postSolution
		SolutionGuid = {7EFD1551-1967-4C26-B729-ACCF825A9383}
	EndGlobalSection
EndGlobal
